
Microsoft Visual Studio Solution File, Format Version 12.00
# Visual Studio Version 16
VisualStudioVersion = 16.0.30309.148
MinimumVisualStudioVersion = 10.0.40219.1
Project("{FAE04EC0-301F-11D3-BF4B-00C04F79EFBC}") = "GUI", "GUI\GUI.csproj", "{DF5514A9-9DA2-454C-B586-03EC7EF919D2}"
EndProject
Project("{FAE04EC0-301F-11D3-BF4B-00C04F79EFBC}") = "Database", "Database\Database.csproj", "{3640B5B3-16EC-4364-BCEB-423B71CE8C87}"
EndProject
Global
	GlobalSection(SolutionConfigurationPlatforms) = preSolution
		Debug|Any CPU = Debug|Any CPU
		Release|Any CPU = Release|Any CPU
	EndGlobalSection
	GlobalSection(ProjectConfigurationPlatforms) = postSolution
		{DF5514A9-9DA2-454C-B586-03EC7EF919D2}.Debug|Any CPU.ActiveCfg = Debug|Any CPU
		{DF5514A9-9DA2-454C-B586-03EC7EF919D2}.Debug|Any CPU.Build.0 = Debug|Any CPU
		{DF5514A9-9DA2-454C-B586-03EC7EF919D2}.Release|Any CPU.ActiveCfg = Release|Any CPU
		{DF5514A9-9DA2-454C-B586-03EC7EF919D2}.Release|Any CPU.Build.0 = Release|Any CPU
		{3640B5B3-16EC-4364-BCEB-423B71CE8C87}.Debug|Any CPU.ActiveCfg = Debug|Any CPU
		{3640B5B3-16EC-4364-BCEB-423B71CE8C87}.Debug|Any CPU.Build.0 = Debug|Any CPU
		{3640B5B3-16EC-4364-BCEB-423B71CE8C87}.Release|Any CPU.ActiveCfg = Release|Any CPU
		{3640B5B3-16EC-4364-BCEB-423B71CE8C87}.Release|Any CPU.Build.0 = Release|Any CPU
	EndGlobalSection
	GlobalSection(SolutionProperties) = preSolution
		HideSolutionNode = FALSE
	EndGlobalSection
	GlobalSection(ExtensibilityGlobals) = postSolution
		SolutionGuid = {1AF6EC61-3802-48C9-88D2-3F2A6FC179DC}
	EndGlobalSection
EndGlobal
